# THIS IS AN AUTOGENERATED FILE. DO NOT EDIT THIS FILE DIRECTLY.
# yarn lockfile v1


store2@^2.7.0:
  version "2.7.0"
  resolved "https://registry.npmjs.org/store2/-/store2-2.7.0.tgz#5e286810ed382d2ddbbd5060a46d791fc97e8d7b"
  integrity sha512-cXa+p4dklNDAVCASMYu+olhFzA7bL86Cp0Bl49IuTyOutcdv+m1hN7j2X543Qu6cyZktu10sZEJeMTSzweNwbw==
