# THIS IS AN AUTOGENERATED FILE. DO NOT EDIT THIS FILE DIRECTLY.
# yarn lockfile v1


simple-uploader.js@^0.4.0:
  version "0.4.0"
  resolved "https://registry.npmjs.org/simple-uploader.js/-/simple-uploader.js-0.4.0.tgz#cd75f28fb495d3259fe747e0f6cc7a318287d30f"
  integrity sha512-kIfwGlz6mI0FvuAn9abbiJ5TCAifz9ZaUzcUKK8B7GkOt1ZjdXodRyoIoAoC0Ax0CHGYoGcKTVqnEiaxcijSTQ==

vue-simple-uploader@^0.5.4:
  version "0.5.4"
  resolved "https://registry.npmjs.org/vue-simple-uploader/-/vue-simple-uploader-0.5.4.tgz#d8f5313cba70c9bad2dd5c0850caaa9b929807c0"
  integrity sha512-73hZluXIQ6X15KQVGgt52mcGWEw+tTZqQxWuyRjcH6shL8mUbVTQJvuBokSQDXEfrz9BdC9GXfNvGDUNfIpLAg==
  dependencies:
    simple-uploader.js "^0.4.0"
